
Microsoft Visual Studio Solution File, Format Version 12.00
# Visual Studio 2012
Project("{F2A71F9B-5D33-465A-A702-920D77279786}") = "Request", "Request\Request.fsproj", "{709C3803-09B9-45B9-9BAA-5AD0C386DEB6}"
EndProject
Global
	GlobalSection(SolutionConfigurationPlatforms) = preSolution
		Debug|Any CPU = Debug|Any CPU
		Release|Any CPU = Release|Any CPU
	EndGlobalSection
	GlobalSection(ProjectConfigurationPlatforms) = postSolution
		{709C3803-09B9-45B9-9BAA-5AD0C386DEB6}.Debug|Any CPU.ActiveCfg = Debug|Any CPU
		{709C3803-09B9-45B9-9BAA-5AD0C386DEB6}.Debug|Any CPU.Build.0 = Debug|Any CPU
		{709C3803-09B9-45B9-9BAA-5AD0C386DEB6}.Release|Any CPU.ActiveCfg = Release|Any CPU
		{709C3803-09B9-45B9-9BAA-5AD0C386DEB6}.Release|Any CPU.Build.0 = Release|Any CPU
	EndGlobalSection
	GlobalSection(SolutionProperties) = preSolution
		HideSolutionNode = FALSE
	EndGlobalSection
EndGlobal
