
Microsoft Visual Studio Solution File, Format Version 12.00
# Visual Studio 2012
Project("{F2A71F9B-5D33-465A-A702-920D77279786}") = "heightOfTree", "heightOfTree\heightOfTree.fsproj", "{8D5D86B9-DD68-429A-A2C1-9A95ECE8E057}"
EndProject
Global
	GlobalSection(SolutionConfigurationPlatforms) = preSolution
		Debug|Any CPU = Debug|Any CPU
		Release|Any CPU = Release|Any CPU
	EndGlobalSection
	GlobalSection(ProjectConfigurationPlatforms) = postSolution
		{8D5D86B9-DD68-429A-A2C1-9A95ECE8E057}.Debug|Any CPU.ActiveCfg = Debug|Any CPU
		{8D5D86B9-DD68-429A-A2C1-9A95ECE8E057}.Debug|Any CPU.Build.0 = Debug|Any CPU
		{8D5D86B9-DD68-429A-A2C1-9A95ECE8E057}.Release|Any CPU.ActiveCfg = Release|Any CPU
		{8D5D86B9-DD68-429A-A2C1-9A95ECE8E057}.Release|Any CPU.Build.0 = Release|Any CPU
	EndGlobalSection
	GlobalSection(SolutionProperties) = preSolution
		HideSolutionNode = FALSE
	EndGlobalSection
EndGlobal
