
Microsoft Visual Studio Solution File, Format Version 12.00
# Visual Studio 2012
Project("{F2A71F9B-5D33-465A-A702-920D77279786}") = "CorrectBrackets", "CorrectBrackets\CorrectBrackets.fsproj", "{6F096749-A8CC-477D-A594-190CE7C385C2}"
EndProject
Global
	GlobalSection(SolutionConfigurationPlatforms) = preSolution
		Debug|Any CPU = Debug|Any CPU
		Release|Any CPU = Release|Any CPU
	EndGlobalSection
	GlobalSection(ProjectConfigurationPlatforms) = postSolution
		{6F096749-A8CC-477D-A594-190CE7C385C2}.Debug|Any CPU.ActiveCfg = Debug|Any CPU
		{6F096749-A8CC-477D-A594-190CE7C385C2}.Debug|Any CPU.Build.0 = Debug|Any CPU
		{6F096749-A8CC-477D-A594-190CE7C385C2}.Release|Any CPU.ActiveCfg = Release|Any CPU
		{6F096749-A8CC-477D-A594-190CE7C385C2}.Release|Any CPU.Build.0 = Release|Any CPU
	EndGlobalSection
	GlobalSection(SolutionProperties) = preSolution
		HideSolutionNode = FALSE
	EndGlobalSection
EndGlobal
